
Microsoft Visual Studio Solution File, Format Version 12.00
# Visual Studio 15
VisualStudioVersion = 15.0.28307.421
MinimumVisualStudioVersion = 10.0.40219.1
Project("{2150E333-8FDC-42A3-9474-1A3956D46DE8}") = "MacroHelixService.Core", "MacroHelixService.Core", "{7699E1BF-7063-45BA-BC61-9BA2C02FC05D}"
EndProject
Project("{2150E333-8FDC-42A3-9474-1A3956D46DE8}") = "DataAccessLayer", "DataAccessLayer", "{93B16E65-A321-48B4-9F3F-807FAEB574EC}"
EndProject
Project("{2150E333-8FDC-42A3-9474-1A3956D46DE8}") = "EFCore", "EFCore", "{1E3B80E3-E687-4E3D-8FCD-72D9229478FD}"
	ProjectSection(SolutionItems) = preProject
		MacroHelixService.Core\DataAccessLayer\EFCore\README.me = MacroHelixService.Core\DataAccessLayer\EFCore\README.me
	EndProjectSection
EndProject
Project("{9A19103F-16F7-4668-BE54-9A1E7A4F7556}") = "EFCore.ArchitectMain", "MacroHelixService.Core\DataAccessLayer\EFCore\EFCore.ArchitectMain\EFCore.ArchitectMain.csproj", "{7A4025A1-076A-4604-AAA9-F320780F163E}"
EndProject
Project("{2150E333-8FDC-42A3-9474-1A3956D46DE8}") = "RepositoryLayer", "RepositoryLayer", "{7CDEE230-3FC3-48BB-A648-0428964941F9}"
EndProject
Project("{9A19103F-16F7-4668-BE54-9A1E7A4F7556}") = "Repo.ArchitectMain", "MacroHelixService.Core\RepositoryLayer\Repo.ArchitectMain\Repo.ArchitectMain.csproj", "{2E86EA13-0B80-4899-B887-2430251F2017}"
EndProject
Project("{2150E333-8FDC-42A3-9474-1A3956D46DE8}") = "AdoNet", "AdoNet", "{6C1648F2-0A64-4034-B9DA-975384401813}"
EndProject
Project("{2150E333-8FDC-42A3-9474-1A3956D46DE8}") = "BusinessLayer", "BusinessLayer", "{3238C4FF-52C6-4507-AEAE-60640E2251AD}"
EndProject
Project("{2150E333-8FDC-42A3-9474-1A3956D46DE8}") = "MacroHelixService.WebAPI", "MacroHelixService.WebAPI", "{1D9EB642-6BC7-45C3-8B07-56CDA6D25CED}"
EndProject
Project("{2150E333-8FDC-42A3-9474-1A3956D46DE8}") = "MacroHelixService.WebAPI.UnitTests", "MacroHelixService.WebAPI.UnitTests", "{FF7DBDDA-1395-4E23-8426-953D6ADD183C}"
EndProject
Project("{2150E333-8FDC-42A3-9474-1A3956D46DE8}") = "MacroHelixService.WebAPI.IntegrationTests", "MacroHelixService.WebAPI.IntegrationTests", "{38CB2BCB-9C3D-4C7F-B431-4C3500BFD04A}"
EndProject
Project("{9A19103F-16F7-4668-BE54-9A1E7A4F7556}") = "Architect340B.WebAPI", "MacroHelixService.WebAPI\Architect340B.WebAPI\Architect340B.WebAPI.csproj", "{A0FF2DE4-B418-42E4-854E-60732C7D8463}"
EndProject
Project("{2150E333-8FDC-42A3-9474-1A3956D46DE8}") = "EntityLayer", "EntityLayer", "{8ED18561-52BC-4292-AC6E-A2A55C09FC99}"
EndProject
Project("{9A19103F-16F7-4668-BE54-9A1E7A4F7556}") = "EFCore.NdcArchitect", "MacroHelixService.Core\DataAccessLayer\EFCore\EFCore.NdcArchitect\EFCore.NdcArchitect.csproj", "{6D5A9E22-A538-4612-AA21-4DC15208D629}"
EndProject
Project("{9A19103F-16F7-4668-BE54-9A1E7A4F7556}") = "Entities.ArchitectMain", "MacroHelixService.Core\DataAccessLayer\EntityLayer\Entities.ArchitectMain\Entities.ArchitectMain.csproj", "{748B8F0F-1E60-4A7A-85FB-2207D7F3C888}"
EndProject
Project("{9A19103F-16F7-4668-BE54-9A1E7A4F7556}") = "Entities.Shared", "MacroHelixService.Core\DataAccessLayer\EntityLayer\Entities.Common\Entities.Shared.csproj", "{508A8DB0-633E-4B82-A0B5-5A2A9E4E9ACA}"
EndProject
Project("{9A19103F-16F7-4668-BE54-9A1E7A4F7556}") = "AdoNet.ArchitectMain", "MacroHelixService.Core\DataAccessLayer\AdoNet\AdoNet.ArchitectMain\AdoNet.ArchitectMain.csproj", "{40B43D5F-38D0-4106-98BE-246583BFE019}"
EndProject
Project("{9A19103F-16F7-4668-BE54-9A1E7A4F7556}") = "Entities.NdcArchitect", "MacroHelixService.Core\DataAccessLayer\EntityLayer\Entities.NdcArchitect\Entities.NdcArchitect.csproj", "{65C4B6DF-E32F-4C61-A2F5-38339E9E1F97}"
EndProject
Project("{9A19103F-16F7-4668-BE54-9A1E7A4F7556}") = "Repo.NdcArchitect", "MacroHelixService.Core\RepositoryLayer\Repo.NdcArchitect\Repo.NdcArchitect.csproj", "{78CD2369-C94D-4A50-B085-0E6DAC6B1F36}"
EndProject
Project("{9A19103F-16F7-4668-BE54-9A1E7A4F7556}") = "Business.NdcArchitect", "MacroHelixService.Core\BusinessLayer\Business.NdcArchitect\Business.NdcArchitect.csproj", "{98CCE943-E470-4A37-B2DB-2EFE174F374A}"
EndProject
Project("{9A19103F-16F7-4668-BE54-9A1E7A4F7556}") = "NdcArchitect.WebAPI", "MacroHelixService.WebAPI\NdcArchitect.WebAPI\NdcArchitect.WebAPI.csproj", "{CF1F89A9-9293-4B58-81EB-D0150C2E5CEC}"
EndProject
Project("{9A19103F-16F7-4668-BE54-9A1E7A4F7556}") = "Architect340B.WebAPI.UnitTest", "MacroHelixService.UnitTests\Architect340B.WebAPI.UnitTest\Architect340B.WebAPI.UnitTest.csproj", "{43B82B34-5878-4843-9DE9-99104B4F4C14}"
EndProject
Project("{9A19103F-16F7-4668-BE54-9A1E7A4F7556}") = "Business.Shared", "MacroHelixService.Core\BusinessLayer\Business.Common\Business.Shared.csproj", "{1B1D3147-6763-482C-8640-8907CAEA5DF6}"
EndProject
Project("{9A19103F-16F7-4668-BE54-9A1E7A4F7556}") = "Business.Architect340B", "MacroHelixService.Core\BusinessLayer\Business.Architect340B\Business.Architect340B.csproj", "{786B816F-6A91-4A60-886F-0D54963C8A67}"
EndProject
Global
	GlobalSection(SolutionConfigurationPlatforms) = preSolution
		Debug|Any CPU = Debug|Any CPU
		Release|Any CPU = Release|Any CPU
	EndGlobalSection
	GlobalSection(ProjectConfigurationPlatforms) = postSolution
		{7A4025A1-076A-4604-AAA9-F320780F163E}.Debug|Any CPU.ActiveCfg = Debug|Any CPU
		{7A4025A1-076A-4604-AAA9-F320780F163E}.Debug|Any CPU.Build.0 = Debug|Any CPU
		{7A4025A1-076A-4604-AAA9-F320780F163E}.Release|Any CPU.ActiveCfg = Release|Any CPU
		{7A4025A1-076A-4604-AAA9-F320780F163E}.Release|Any CPU.Build.0 = Release|Any CPU
		{2E86EA13-0B80-4899-B887-2430251F2017}.Debug|Any CPU.ActiveCfg = Debug|Any CPU
		{2E86EA13-0B80-4899-B887-2430251F2017}.Debug|Any CPU.Build.0 = Debug|Any CPU
		{2E86EA13-0B80-4899-B887-2430251F2017}.Release|Any CPU.ActiveCfg = Release|Any CPU
		{2E86EA13-0B80-4899-B887-2430251F2017}.Release|Any CPU.Build.0 = Release|Any CPU
		{A0FF2DE4-B418-42E4-854E-60732C7D8463}.Debug|Any CPU.ActiveCfg = Debug|Any CPU
		{A0FF2DE4-B418-42E4-854E-60732C7D8463}.Debug|Any CPU.Build.0 = Debug|Any CPU
		{A0FF2DE4-B418-42E4-854E-60732C7D8463}.Release|Any CPU.ActiveCfg = Release|Any CPU
		{A0FF2DE4-B418-42E4-854E-60732C7D8463}.Release|Any CPU.Build.0 = Release|Any CPU
		{6D5A9E22-A538-4612-AA21-4DC15208D629}.Debug|Any CPU.ActiveCfg = Debug|Any CPU
		{6D5A9E22-A538-4612-AA21-4DC15208D629}.Debug|Any CPU.Build.0 = Debug|Any CPU
		{6D5A9E22-A538-4612-AA21-4DC15208D629}.Release|Any CPU.ActiveCfg = Release|Any CPU
		{6D5A9E22-A538-4612-AA21-4DC15208D629}.Release|Any CPU.Build.0 = Release|Any CPU
		{748B8F0F-1E60-4A7A-85FB-2207D7F3C888}.Debug|Any CPU.ActiveCfg = Debug|Any CPU
		{748B8F0F-1E60-4A7A-85FB-2207D7F3C888}.Debug|Any CPU.Build.0 = Debug|Any CPU
		{748B8F0F-1E60-4A7A-85FB-2207D7F3C888}.Release|Any CPU.ActiveCfg = Release|Any CPU
		{748B8F0F-1E60-4A7A-85FB-2207D7F3C888}.Release|Any CPU.Build.0 = Release|Any CPU
		{508A8DB0-633E-4B82-A0B5-5A2A9E4E9ACA}.Debug|Any CPU.ActiveCfg = Debug|Any CPU
		{508A8DB0-633E-4B82-A0B5-5A2A9E4E9ACA}.Debug|Any CPU.Build.0 = Debug|Any CPU
		{508A8DB0-633E-4B82-A0B5-5A2A9E4E9ACA}.Release|Any CPU.ActiveCfg = Release|Any CPU
		{508A8DB0-633E-4B82-A0B5-5A2A9E4E9ACA}.Release|Any CPU.Build.0 = Release|Any CPU
		{40B43D5F-38D0-4106-98BE-246583BFE019}.Debug|Any CPU.ActiveCfg = Debug|Any CPU
		{40B43D5F-38D0-4106-98BE-246583BFE019}.Debug|Any CPU.Build.0 = Debug|Any CPU
		{40B43D5F-38D0-4106-98BE-246583BFE019}.Release|Any CPU.ActiveCfg = Release|Any CPU
		{40B43D5F-38D0-4106-98BE-246583BFE019}.Release|Any CPU.Build.0 = Release|Any CPU
		{65C4B6DF-E32F-4C61-A2F5-38339E9E1F97}.Debug|Any CPU.ActiveCfg = Debug|Any CPU
		{65C4B6DF-E32F-4C61-A2F5-38339E9E1F97}.Debug|Any CPU.Build.0 = Debug|Any CPU
		{65C4B6DF-E32F-4C61-A2F5-38339E9E1F97}.Release|Any CPU.ActiveCfg = Release|Any CPU
		{65C4B6DF-E32F-4C61-A2F5-38339E9E1F97}.Release|Any CPU.Build.0 = Release|Any CPU
		{78CD2369-C94D-4A50-B085-0E6DAC6B1F36}.Debug|Any CPU.ActiveCfg = Debug|Any CPU
		{78CD2369-C94D-4A50-B085-0E6DAC6B1F36}.Debug|Any CPU.Build.0 = Debug|Any CPU
		{78CD2369-C94D-4A50-B085-0E6DAC6B1F36}.Release|Any CPU.ActiveCfg = Release|Any CPU
		{78CD2369-C94D-4A50-B085-0E6DAC6B1F36}.Release|Any CPU.Build.0 = Release|Any CPU
		{98CCE943-E470-4A37-B2DB-2EFE174F374A}.Debug|Any CPU.ActiveCfg = Debug|Any CPU
		{98CCE943-E470-4A37-B2DB-2EFE174F374A}.Debug|Any CPU.Build.0 = Debug|Any CPU
		{98CCE943-E470-4A37-B2DB-2EFE174F374A}.Release|Any CPU.ActiveCfg = Release|Any CPU
		{98CCE943-E470-4A37-B2DB-2EFE174F374A}.Release|Any CPU.Build.0 = Release|Any CPU
		{CF1F89A9-9293-4B58-81EB-D0150C2E5CEC}.Debug|Any CPU.ActiveCfg = Debug|Any CPU
		{CF1F89A9-9293-4B58-81EB-D0150C2E5CEC}.Debug|Any CPU.Build.0 = Debug|Any CPU
		{CF1F89A9-9293-4B58-81EB-D0150C2E5CEC}.Release|Any CPU.ActiveCfg = Release|Any CPU
		{CF1F89A9-9293-4B58-81EB-D0150C2E5CEC}.Release|Any CPU.Build.0 = Release|Any CPU
		{43B82B34-5878-4843-9DE9-99104B4F4C14}.Debug|Any CPU.ActiveCfg = Debug|Any CPU
		{43B82B34-5878-4843-9DE9-99104B4F4C14}.Debug|Any CPU.Build.0 = Debug|Any CPU
		{43B82B34-5878-4843-9DE9-99104B4F4C14}.Release|Any CPU.ActiveCfg = Release|Any CPU
		{43B82B34-5878-4843-9DE9-99104B4F4C14}.Release|Any CPU.Build.0 = Release|Any CPU
		{1B1D3147-6763-482C-8640-8907CAEA5DF6}.Debug|Any CPU.ActiveCfg = Debug|Any CPU
		{1B1D3147-6763-482C-8640-8907CAEA5DF6}.Debug|Any CPU.Build.0 = Debug|Any CPU
		{1B1D3147-6763-482C-8640-8907CAEA5DF6}.Release|Any CPU.ActiveCfg = Release|Any CPU
		{1B1D3147-6763-482C-8640-8907CAEA5DF6}.Release|Any CPU.Build.0 = Release|Any CPU
		{786B816F-6A91-4A60-886F-0D54963C8A67}.Debug|Any CPU.ActiveCfg = Debug|Any CPU
		{786B816F-6A91-4A60-886F-0D54963C8A67}.Debug|Any CPU.Build.0 = Debug|Any CPU
		{786B816F-6A91-4A60-886F-0D54963C8A67}.Release|Any CPU.ActiveCfg = Release|Any CPU
		{786B816F-6A91-4A60-886F-0D54963C8A67}.Release|Any CPU.Build.0 = Release|Any CPU
	EndGlobalSection
	GlobalSection(SolutionProperties) = preSolution
		HideSolutionNode = FALSE
	EndGlobalSection
	GlobalSection(NestedProjects) = preSolution
		{93B16E65-A321-48B4-9F3F-807FAEB574EC} = {7699E1BF-7063-45BA-BC61-9BA2C02FC05D}
		{1E3B80E3-E687-4E3D-8FCD-72D9229478FD} = {93B16E65-A321-48B4-9F3F-807FAEB574EC}
		{7A4025A1-076A-4604-AAA9-F320780F163E} = {1E3B80E3-E687-4E3D-8FCD-72D9229478FD}
		{7CDEE230-3FC3-48BB-A648-0428964941F9} = {7699E1BF-7063-45BA-BC61-9BA2C02FC05D}
		{2E86EA13-0B80-4899-B887-2430251F2017} = {7CDEE230-3FC3-48BB-A648-0428964941F9}
		{6C1648F2-0A64-4034-B9DA-975384401813} = {93B16E65-A321-48B4-9F3F-807FAEB574EC}
		{3238C4FF-52C6-4507-AEAE-60640E2251AD} = {7699E1BF-7063-45BA-BC61-9BA2C02FC05D}
		{A0FF2DE4-B418-42E4-854E-60732C7D8463} = {1D9EB642-6BC7-45C3-8B07-56CDA6D25CED}
		{8ED18561-52BC-4292-AC6E-A2A55C09FC99} = {93B16E65-A321-48B4-9F3F-807FAEB574EC}
		{6D5A9E22-A538-4612-AA21-4DC15208D629} = {1E3B80E3-E687-4E3D-8FCD-72D9229478FD}
		{748B8F0F-1E60-4A7A-85FB-2207D7F3C888} = {8ED18561-52BC-4292-AC6E-A2A55C09FC99}
		{508A8DB0-633E-4B82-A0B5-5A2A9E4E9ACA} = {8ED18561-52BC-4292-AC6E-A2A55C09FC99}
		{40B43D5F-38D0-4106-98BE-246583BFE019} = {6C1648F2-0A64-4034-B9DA-975384401813}
		{65C4B6DF-E32F-4C61-A2F5-38339E9E1F97} = {8ED18561-52BC-4292-AC6E-A2A55C09FC99}
		{78CD2369-C94D-4A50-B085-0E6DAC6B1F36} = {7CDEE230-3FC3-48BB-A648-0428964941F9}
		{98CCE943-E470-4A37-B2DB-2EFE174F374A} = {3238C4FF-52C6-4507-AEAE-60640E2251AD}
		{CF1F89A9-9293-4B58-81EB-D0150C2E5CEC} = {1D9EB642-6BC7-45C3-8B07-56CDA6D25CED}
		{43B82B34-5878-4843-9DE9-99104B4F4C14} = {FF7DBDDA-1395-4E23-8426-953D6ADD183C}
		{1B1D3147-6763-482C-8640-8907CAEA5DF6} = {3238C4FF-52C6-4507-AEAE-60640E2251AD}
		{786B816F-6A91-4A60-886F-0D54963C8A67} = {3238C4FF-52C6-4507-AEAE-60640E2251AD}
	EndGlobalSection
	GlobalSection(ExtensibilityGlobals) = postSolution
		SolutionGuid = {234ECF23-66EF-4C09-BFFA-7ACB01FF41D8}
	EndGlobalSection
EndGlobal
